// !$*UTF8*$!
{
	archiveVersion = 1;
	classes = {
	};
	objectVersion = 46;
	objects = {

/* Begin PBXBuildFile section */
		6E52272F1E5692D200B447EF /* LSFileManager.m in Sources */ = {isa = PBXBuildFile; fileRef = 6E52272E1E5692D200B447EF /* LSFileManager.m */; };
		6E7FBDF81E39853100694F69 /* TranAnimationVC.m in Sources */ = {isa = PBXBuildFile; fileRef = 6E7FBDF71E39853100694F69 /* TranAnimationVC.m */; };
		6E7FBDFC1E39874200694F69 /* ElastiVC.m in Sources */ = {isa = PBXBuildFile; fileRef = 6E7FBDFB1E39874200694F69 /* ElastiVC.m */; };
		6E7FBDFF1E39879500694F69 /* ElastTransiton.m in Sources */ = {isa = PBXBuildFile; fileRef = 6E7FBDFE1E39879500694F69 /* ElastTransiton.m */; };
		6E7FBE051E398D2300694F69 /* ElastToVC.m in Sources */ = {isa = PBXBuildFile; fileRef = 6E7FBE041E398D2300694F69 /* ElastToVC.m */; };
		6EA4C43B1E38346100364CAB /* TranAnimation.m in Sources */ = {isa = PBXBuildFile; fileRef = 6EA4C43A1E38346100364CAB /* TranAnimation.m */; };
		6EA4C43E1E3837D300364CAB /* YiXiangTranVC.m in Sources */ = {isa = PBXBuildFile; fileRef = 6EA4C43D1E3837D300364CAB /* YiXiangTranVC.m */; };
		6EAF4CFE1E2DBA5800F19812 /* main.m in Sources */ = {isa = PBXBuildFile; fileRef = 6EAF4CFD1E2DBA5800F19812 /* main.m */; };
		6EAF4D011E2DBA5800F19812 /* AppDelegate.m in Sources */ = {isa = PBXBuildFile; fileRef = 6EAF4D001E2DBA5800F19812 /* AppDelegate.m */; };
		6EAF4D041E2DBA5800F19812 /* ViewController.m in Sources */ = {isa = PBXBuildFile; fileRef = 6EAF4D031E2DBA5800F19812 /* ViewController.m */; };
		6EAF4D071E2DBA5800F19812 /* Main.storyboard in Resources */ = {isa = PBXBuildFile; fileRef = 6EAF4D051E2DBA5800F19812 /* Main.storyboard */; };
		6EAF4D091E2DBA5800F19812 /* Assets.xcassets in Resources */ = {isa = PBXBuildFile; fileRef = 6EAF4D081E2DBA5800F19812 /* Assets.xcassets */; };
		6EAF4D0C1E2DBA5800F19812 /* LaunchScreen.storyboard in Resources */ = {isa = PBXBuildFile; fileRef = 6EAF4D0A1E2DBA5800F19812 /* LaunchScreen.storyboard */; };
		6EAF4D141E2DBA7700F19812 /* README.md in Resources */ = {isa = PBXBuildFile; fileRef = 6EAF4D131E2DBA7700F19812 /* README.md */; };
		6EAF4D1C1E2DC1CB00F19812 /* DB.m in Sources */ = {isa = PBXBuildFile; fileRef = 6EAF4D1A1E2DC1CB00F19812 /* DB.m */; };
		6EAF4D201E2DC20D00F19812 /* APPService.m in Sources */ = {isa = PBXBuildFile; fileRef = 6EAF4D1F1E2DC20D00F19812 /* APPService.m */; };
		6EAF4D2A1E2DEB8F00F19812 /* CameraAlbumVC.m in Sources */ = {isa = PBXBuildFile; fileRef = 6EAF4D281E2DEB8F00F19812 /* CameraAlbumVC.m */; };
		6EAF4D2B1E2DEB8F00F19812 /* CameraAlbumVC.xib in Resources */ = {isa = PBXBuildFile; fileRef = 6EAF4D291E2DEB8F00F19812 /* CameraAlbumVC.xib */; };
		6EE63D6B1E5C0A000005E4D1 /* ButtonOnCell.m in Sources */ = {isa = PBXBuildFile; fileRef = 6EE63D6A1E5C0A000005E4D1 /* ButtonOnCell.m */; };
		6EE63D6E1E5C0A1C0005E4D1 /* ButtonOnTBVC.m in Sources */ = {isa = PBXBuildFile; fileRef = 6EE63D6D1E5C0A1C0005E4D1 /* ButtonOnTBVC.m */; };
		6EE63D721E5C280F0005E4D1 /* VersionModel.m in Sources */ = {isa = PBXBuildFile; fileRef = 6EE63D711E5C280F0005E4D1 /* VersionModel.m */; };
		6EE63D751E5C28530005E4D1 /* CheckVersion.m in Sources */ = {isa = PBXBuildFile; fileRef = 6EE63D741E5C28530005E4D1 /* CheckVersion.m */; };
		6EF92BE11E5AC18400DD2C20 /* ScrollPictureVC.m in Sources */ = {isa = PBXBuildFile; fileRef = 6EF92BE01E5AC18400DD2C20 /* ScrollPictureVC.m */; };
		6EF92BE31E5AD23C00DD2C20 /* 自由之翼.jpg in Resources */ = {isa = PBXBuildFile; fileRef = 6EF92BE21E5AD23C00DD2C20 /* 自由之翼.jpg */; };
		6EF92BE61E5AD93700DD2C20 /* ScrollPicView.m in Sources */ = {isa = PBXBuildFile; fileRef = 6EF92BE51E5AD93700DD2C20 /* ScrollPicView.m */; };
		6EF92BEA1E5AEA7100DD2C20 /* SendPengyouQuan.m in Sources */ = {isa = PBXBuildFile; fileRef = 6EF92BE91E5AEA7100DD2C20 /* SendPengyouQuan.m */; };
		D9761DD5D1603693EF430B53 /* Pods_BasicFramework.framework in Frameworks */ = {isa = PBXBuildFile; fileRef = FA5A77D38BA68016A58C5963 /* Pods_BasicFramework.framework */; };
/* End PBXBuildFile section */

/* Begin PBXFileReference section */
		339D8CAEAF39A283A4E7A0EA /* Pods-BasicFramework.debug.xcconfig */ = {isa = PBXFileReference; includeInIndex = 1; lastKnownFileType = text.xcconfig; name = "Pods-BasicFramework.debug.xcconfig"; path = "Pods/Target Support Files/Pods-BasicFramework/Pods-BasicFramework.debug.xcconfig"; sourceTree = "<group>"; };
		6E52272D1E5692D200B447EF /* LSFileManager.h */ = {isa = PBXFileReference; fileEncoding = 4; lastKnownFileType = sourcecode.c.h; path = LSFileManager.h; sourceTree = "<group>"; };
		6E52272E1E5692D200B447EF /* LSFileManager.m */ = {isa = PBXFileReference; fileEncoding = 4; lastKnownFileType = sourcecode.c.objc; path = LSFileManager.m; sourceTree = "<group>"; };
		6E7FBDF61E39853100694F69 /* TranAnimationVC.h */ = {isa = PBXFileReference; fileEncoding = 4; lastKnownFileType = sourcecode.c.h; path = TranAnimationVC.h; sourceTree = "<group>"; };
		6E7FBDF71E39853100694F69 /* TranAnimationVC.m */ = {isa = PBXFileReference; fileEncoding = 4; lastKnownFileType = sourcecode.c.objc; path = TranAnimationVC.m; sourceTree = "<group>"; };
		6E7FBDFA1E39874200694F69 /* ElastiVC.h */ = {isa = PBXFileReference; fileEncoding = 4; lastKnownFileType = sourcecode.c.h; path = ElastiVC.h; sourceTree = "<group>"; };
		6E7FBDFB1E39874200694F69 /* ElastiVC.m */ = {isa = PBXFileReference; fileEncoding = 4; lastKnownFileType = sourcecode.c.objc; path = ElastiVC.m; sourceTree = "<group>"; };
		6E7FBDFD1E39879500694F69 /* ElastTransiton.h */ = {isa = PBXFileReference; fileEncoding = 4; lastKnownFileType = sourcecode.c.h; path = ElastTransiton.h; sourceTree = "<group>"; };
		6E7FBDFE1E39879500694F69 /* ElastTransiton.m */ = {isa = PBXFileReference; fileEncoding = 4; lastKnownFileType = sourcecode.c.objc; path = ElastTransiton.m; sourceTree = "<group>"; };
		6E7FBE031E398D2300694F69 /* ElastToVC.h */ = {isa = PBXFileReference; fileEncoding = 4; lastKnownFileType = sourcecode.c.h; path = ElastToVC.h; sourceTree = "<group>"; };
		6E7FBE041E398D2300694F69 /* ElastToVC.m */ = {isa = PBXFileReference; fileEncoding = 4; lastKnownFileType = sourcecode.c.objc; path = ElastToVC.m; sourceTree = "<group>"; };
		6EA4C4391E38346100364CAB /* TranAnimation.h */ = {isa = PBXFileReference; fileEncoding = 4; lastKnownFileType = sourcecode.c.h; path = TranAnimation.h; sourceTree = "<group>"; };
		6EA4C43A1E38346100364CAB /* TranAnimation.m */ = {isa = PBXFileReference; fileEncoding = 4; lastKnownFileType = sourcecode.c.objc; path = TranAnimation.m; sourceTree = "<group>"; };
		6EA4C43C1E3837D300364CAB /* YiXiangTranVC.h */ = {isa = PBXFileReference; fileEncoding = 4; lastKnownFileType = sourcecode.c.h; path = YiXiangTranVC.h; sourceTree = "<group>"; };
		6EA4C43D1E3837D300364CAB /* YiXiangTranVC.m */ = {isa = PBXFileReference; fileEncoding = 4; lastKnownFileType = sourcecode.c.objc; path = YiXiangTranVC.m; sourceTree = "<group>"; };
		6EAF4CF91E2DBA5800F19812 /* BasicFramework.app */ = {isa = PBXFileReference; explicitFileType = wrapper.application; includeInIndex = 0; path = BasicFramework.app; sourceTree = BUILT_PRODUCTS_DIR; };
		6EAF4CFD1E2DBA5800F19812 /* main.m */ = {isa = PBXFileReference; lastKnownFileType = sourcecode.c.objc; path = main.m; sourceTree = "<group>"; };
		6EAF4CFF1E2DBA5800F19812 /* AppDelegate.h */ = {isa = PBXFileReference; lastKnownFileType = sourcecode.c.h; path = AppDelegate.h; sourceTree = "<group>"; };
		6EAF4D001E2DBA5800F19812 /* AppDelegate.m */ = {isa = PBXFileReference; lastKnownFileType = sourcecode.c.objc; path = AppDelegate.m; sourceTree = "<group>"; };
		6EAF4D021E2DBA5800F19812 /* ViewController.h */ = {isa = PBXFileReference; lastKnownFileType = sourcecode.c.h; path = ViewController.h; sourceTree = "<group>"; };
		6EAF4D031E2DBA5800F19812 /* ViewController.m */ = {isa = PBXFileReference; lastKnownFileType = sourcecode.c.objc; path = ViewController.m; sourceTree = "<group>"; };
		6EAF4D061E2DBA5800F19812 /* Base */ = {isa = PBXFileReference; lastKnownFileType = file.storyboard; name = Base; path = Base.lproj/Main.storyboard; sourceTree = "<group>"; };
		6EAF4D081E2DBA5800F19812 /* Assets.xcassets */ = {isa = PBXFileReference; lastKnownFileType = folder.assetcatalog; path = Assets.xcassets; sourceTree = "<group>"; };
		6EAF4D0B1E2DBA5800F19812 /* Base */ = {isa = PBXFileReference; lastKnownFileType = file.storyboard; name = Base; path = Base.lproj/LaunchScreen.storyboard; sourceTree = "<group>"; };
		6EAF4D0D1E2DBA5800F19812 /* Info.plist */ = {isa = PBXFileReference; lastKnownFileType = text.plist.xml; path = Info.plist; sourceTree = "<group>"; };
		6EAF4D131E2DBA7700F19812 /* README.md */ = {isa = PBXFileReference; fileEncoding = 4; lastKnownFileType = net.daringfireball.markdown; path = README.md; sourceTree = "<group>"; };
		6EAF4D161E2DBE2700F19812 /* PrefixHeader.pch */ = {isa = PBXFileReference; fileEncoding = 4; lastKnownFileType = sourcecode.c.h; path = PrefixHeader.pch; sourceTree = "<group>"; };
		6EAF4D171E2DBEB900F19812 /* ReplaceMacro.h */ = {isa = PBXFileReference; fileEncoding = 4; lastKnownFileType = sourcecode.c.h; path = ReplaceMacro.h; sourceTree = "<group>"; };
		6EAF4D181E2DC0AC00F19812 /* HeaderImport.h */ = {isa = PBXFileReference; fileEncoding = 4; lastKnownFileType = sourcecode.c.h; path = HeaderImport.h; sourceTree = "<group>"; };
		6EAF4D1A1E2DC1CB00F19812 /* DB.m */ = {isa = PBXFileReference; fileEncoding = 4; lastKnownFileType = sourcecode.c.objc; path = DB.m; sourceTree = "<group>"; };
		6EAF4D1B1E2DC1CB00F19812 /* DB.h */ = {isa = PBXFileReference; fileEncoding = 4; lastKnownFileType = sourcecode.c.h; path = DB.h; sourceTree = "<group>"; };
		6EAF4D1E1E2DC20D00F19812 /* APPService.h */ = {isa = PBXFileReference; fileEncoding = 4; lastKnownFileType = sourcecode.c.h; path = APPService.h; sourceTree = "<group>"; };
		6EAF4D1F1E2DC20D00F19812 /* APPService.m */ = {isa = PBXFileReference; fileEncoding = 4; lastKnownFileType = sourcecode.c.objc; path = APPService.m; sourceTree = "<group>"; };
		6EAF4D271E2DEB8F00F19812 /* CameraAlbumVC.h */ = {isa = PBXFileReference; fileEncoding = 4; lastKnownFileType = sourcecode.c.h; path = CameraAlbumVC.h; sourceTree = "<group>"; };
		6EAF4D281E2DEB8F00F19812 /* CameraAlbumVC.m */ = {isa = PBXFileReference; fileEncoding = 4; lastKnownFileType = sourcecode.c.objc; path = CameraAlbumVC.m; sourceTree = "<group>"; };
		6EAF4D291E2DEB8F00F19812 /* CameraAlbumVC.xib */ = {isa = PBXFileReference; fileEncoding = 4; lastKnownFileType = file.xib; path = CameraAlbumVC.xib; sourceTree = "<group>"; };
		6EE63D691E5C0A000005E4D1 /* ButtonOnCell.h */ = {isa = PBXFileReference; fileEncoding = 4; lastKnownFileType = sourcecode.c.h; path = ButtonOnCell.h; sourceTree = "<group>"; };
		6EE63D6A1E5C0A000005E4D1 /* ButtonOnCell.m */ = {isa = PBXFileReference; fileEncoding = 4; lastKnownFileType = sourcecode.c.objc; path = ButtonOnCell.m; sourceTree = "<group>"; };
		6EE63D6C1E5C0A1C0005E4D1 /* ButtonOnTBVC.h */ = {isa = PBXFileReference; fileEncoding = 4; lastKnownFileType = sourcecode.c.h; path = ButtonOnTBVC.h; sourceTree = "<group>"; };
		6EE63D6D1E5C0A1C0005E4D1 /* ButtonOnTBVC.m */ = {isa = PBXFileReference; fileEncoding = 4; lastKnownFileType = sourcecode.c.objc; path = ButtonOnTBVC.m; sourceTree = "<group>"; };
		6EE63D701E5C280F0005E4D1 /* VersionModel.h */ = {isa = PBXFileReference; fileEncoding = 4; lastKnownFileType = sourcecode.c.h; path = VersionModel.h; sourceTree = "<group>"; };
		6EE63D711E5C280F0005E4D1 /* VersionModel.m */ = {isa = PBXFileReference; fileEncoding = 4; lastKnownFileType = sourcecode.c.objc; path = VersionModel.m; sourceTree = "<group>"; };
		6EE63D731E5C28530005E4D1 /* CheckVersion.h */ = {isa = PBXFileReference; fileEncoding = 4; lastKnownFileType = sourcecode.c.h; path = CheckVersion.h; sourceTree = "<group>"; };
		6EE63D741E5C28530005E4D1 /* CheckVersion.m */ = {isa = PBXFileReference; fileEncoding = 4; lastKnownFileType = sourcecode.c.objc; path = CheckVersion.m; sourceTree = "<group>"; };
		6EF92BDF1E5AC18400DD2C20 /* ScrollPictureVC.h */ = {isa = PBXFileReference; fileEncoding = 4; lastKnownFileType = sourcecode.c.h; path = ScrollPictureVC.h; sourceTree = "<group>"; };
		6EF92BE01E5AC18400DD2C20 /* ScrollPictureVC.m */ = {isa = PBXFileReference; fileEncoding = 4; lastKnownFileType = sourcecode.c.objc; path = ScrollPictureVC.m; sourceTree = "<group>"; };
		6EF92BE21E5AD23C00DD2C20 /* 自由之翼.jpg */ = {isa = PBXFileReference; lastKnownFileType = image.jpeg; path = "自由之翼.jpg"; sourceTree = "<group>"; };
		6EF92BE41E5AD93700DD2C20 /* ScrollPicView.h */ = {isa = PBXFileReference; fileEncoding = 4; lastKnownFileType = sourcecode.c.h; path = ScrollPicView.h; sourceTree = "<group>"; };
		6EF92BE51E5AD93700DD2C20 /* ScrollPicView.m */ = {isa = PBXFileReference; fileEncoding = 4; lastKnownFileType = sourcecode.c.objc; path = ScrollPicView.m; sourceTree = "<group>"; };
		6EF92BE81E5AEA7100DD2C20 /* SendPengyouQuan.h */ = {isa = PBXFileReference; fileEncoding = 4; lastKnownFileType = sourcecode.c.h; path = SendPengyouQuan.h; sourceTree = "<group>"; };
		6EF92BE91E5AEA7100DD2C20 /* SendPengyouQuan.m */ = {isa = PBXFileReference; fileEncoding = 4; lastKnownFileType = sourcecode.c.objc; path = SendPengyouQuan.m; sourceTree = "<group>"; };
		F8EF328937721F3DB1A84483 /* Pods-BasicFramework.release.xcconfig */ = {isa = PBXFileReference; includeInIndex = 1; lastKnownFileType = text.xcconfig; name = "Pods-BasicFramework.release.xcconfig"; path = "Pods/Target Support Files/Pods-BasicFramework/Pods-BasicFramework.release.xcconfig"; sourceTree = "<group>"; };
		FA5A77D38BA68016A58C5963 /* Pods_BasicFramework.framework */ = {isa = PBXFileReference; explicitFileType = wrapper.framework; includeInIndex = 0; path = Pods_BasicFramework.framework; sourceTree = BUILT_PRODUCTS_DIR; };
/* End PBXFileReference section */

/* Begin PBXFrameworksBuildPhase section */
		6EAF4CF61E2DBA5800F19812 /* Frameworks */ = {
			isa = PBXFrameworksBuildPhase;
			buildActionMask = 2147483647;
			files = (
				D9761DD5D1603693EF430B53 /* Pods_BasicFramework.framework in Frameworks */,
			);
			runOnlyForDeploymentPostprocessing = 0;
		};
/* End PBXFrameworksBuildPhase section */

/* Begin PBXGroup section */
		12174701129AB0B7B33D82B5 /* Pods */ = {
			isa = PBXGroup;
			children = (
				339D8CAEAF39A283A4E7A0EA /* Pods-BasicFramework.debug.xcconfig */,
				F8EF328937721F3DB1A84483 /* Pods-BasicFramework.release.xcconfig */,
			);
			name = Pods;
			sourceTree = "<group>";
		};
		6E52272C1E5692B700B447EF /* 文件管理类 */ = {
			isa = PBXGroup;
			children = (
				6E52272D1E5692D200B447EF /* LSFileManager.h */,
				6E52272E1E5692D200B447EF /* LSFileManager.m */,
			);
			name = "文件管理类";
			sourceTree = "<group>";
		};
		6E5227301E56934600B447EF /* 按号段拦截好啊 */ = {
			isa = PBXGroup;
			children = (
			);
			name = "按号段拦截好啊";
			sourceTree = "<group>";
		};
		6E7FBDF91E3986E500694F69 /* 印象笔记 */ = {
			isa = PBXGroup;
			children = (
				6EA4C4391E38346100364CAB /* TranAnimation.h */,
				6EA4C43A1E38346100364CAB /* TranAnimation.m */,
				6EA4C43C1E3837D300364CAB /* YiXiangTranVC.h */,
				6EA4C43D1E3837D300364CAB /* YiXiangTranVC.m */,
			);
			name = "印象笔记";
			sourceTree = "<group>";
		};
		6E7FBE061E39BD5400694F69 /* 购物车 */ = {
			isa = PBXGroup;
			children = (
				6E7FBDFA1E39874200694F69 /* ElastiVC.h */,
				6E7FBDFB1E39874200694F69 /* ElastiVC.m */,
				6E7FBDFD1E39879500694F69 /* ElastTransiton.h */,
				6E7FBDFE1E39879500694F69 /* ElastTransiton.m */,
				6E7FBE031E398D2300694F69 /* ElastToVC.h */,
				6E7FBE041E398D2300694F69 /* ElastToVC.m */,
			);
			name = "购物车";
			sourceTree = "<group>";
		};
		6EA4C4371E38341400364CAB /* 相机相关 */ = {
			isa = PBXGroup;
			children = (
				6EAF4D271E2DEB8F00F19812 /* CameraAlbumVC.h */,
				6EAF4D281E2DEB8F00F19812 /* CameraAlbumVC.m */,
				6EAF4D291E2DEB8F00F19812 /* CameraAlbumVC.xib */,
			);
			name = "相机相关";
			sourceTree = "<group>";
		};
		6EA4C4381E38342000364CAB /* 转场动画 */ = {
			isa = PBXGroup;
			children = (
				6E7FBE061E39BD5400694F69 /* 购物车 */,
				6E7FBDF91E3986E500694F69 /* 印象笔记 */,
				6E7FBDF61E39853100694F69 /* TranAnimationVC.h */,
				6E7FBDF71E39853100694F69 /* TranAnimationVC.m */,
			);
			name = "转场动画";
			sourceTree = "<group>";
		};
		6EAF4CF01E2DBA5800F19812 = {
			isa = PBXGroup;
			children = (
				6EAF4D131E2DBA7700F19812 /* README.md */,
				6EAF4CFB1E2DBA5800F19812 /* BasicFramework */,
				6EAF4CFA1E2DBA5800F19812 /* Products */,
				12174701129AB0B7B33D82B5 /* Pods */,
				F9EB8415B22849BB31F90F78 /* Frameworks */,
			);
			sourceTree = "<group>";
		};
		6EAF4CFA1E2DBA5800F19812 /* Products */ = {
			isa = PBXGroup;
			children = (
				6EAF4CF91E2DBA5800F19812 /* BasicFramework.app */,
			);
			name = Products;
			sourceTree = "<group>";
		};
		6EAF4CFB1E2DBA5800F19812 /* BasicFramework */ = {
			isa = PBXGroup;
			children = (
				6EAF4D231E2DEB5100F19812 /* Viewcontroller */,
				6EAF4D151E2DBE1600F19812 /* 工具 */,
				6EAF4CFC1E2DBA5800F19812 /* Supporting Files */,
				6EAF4D221E2DC25E00F19812 /* Other */,
			);
			path = BasicFramework;
			sourceTree = "<group>";
		};
		6EAF4CFC1E2DBA5800F19812 /* Supporting Files */ = {
			isa = PBXGroup;
			children = (
				6EAF4CFD1E2DBA5800F19812 /* main.m */,
				6EAF4D021E2DBA5800F19812 /* ViewController.h */,
				6EAF4D031E2DBA5800F19812 /* ViewController.m */,
				6EAF4D0A1E2DBA5800F19812 /* LaunchScreen.storyboard */,
			);
			name = "Supporting Files";
			sourceTree = "<group>";
		};
		6EAF4D151E2DBE1600F19812 /* 工具 */ = {
			isa = PBXGroup;
			children = (
				6EE63D6F1E5C27E10005E4D1 /* 版本更新 */,
				6E5227301E56934600B447EF /* 按号段拦截好啊 */,
				6E52272C1E5692B700B447EF /* 文件管理类 */,
				6EAF4D211E2DC24900F19812 /* 全局文件 */,
				6EAF4D1D1E2DC1E600F19812 /* 预处理文件 */,
				6EAF4D191E2DC12D00F19812 /* 数据请求 */,
			);
			name = "工具";
			sourceTree = "<group>";
		};
		6EAF4D191E2DC12D00F19812 /* 数据请求 */ = {
			isa = PBXGroup;
			children = (
				6EAF4D1B1E2DC1CB00F19812 /* DB.h */,
				6EAF4D1A1E2DC1CB00F19812 /* DB.m */,
			);
			name = "数据请求";
			sourceTree = "<group>";
		};
		6EAF4D1D1E2DC1E600F19812 /* 预处理文件 */ = {
			isa = PBXGroup;
			children = (
				6EAF4D1E1E2DC20D00F19812 /* APPService.h */,
				6EAF4D1F1E2DC20D00F19812 /* APPService.m */,
			);
			name = "预处理文件";
			sourceTree = "<group>";
		};
		6EAF4D211E2DC24900F19812 /* 全局文件 */ = {
			isa = PBXGroup;
			children = (
				6EAF4D161E2DBE2700F19812 /* PrefixHeader.pch */,
				6EAF4D171E2DBEB900F19812 /* ReplaceMacro.h */,
				6EAF4D181E2DC0AC00F19812 /* HeaderImport.h */,
			);
			name = "全局文件";
			sourceTree = "<group>";
		};
		6EAF4D221E2DC25E00F19812 /* Other */ = {
			isa = PBXGroup;
			children = (
				6EAF4CFF1E2DBA5800F19812 /* AppDelegate.h */,
				6EAF4D001E2DBA5800F19812 /* AppDelegate.m */,
				6EAF4D051E2DBA5800F19812 /* Main.storyboard */,
				6EAF4D081E2DBA5800F19812 /* Assets.xcassets */,
				6EAF4D0D1E2DBA5800F19812 /* Info.plist */,
			);
			name = Other;
			sourceTree = "<group>";
		};
		6EAF4D231E2DEB5100F19812 /* Viewcontroller */ = {
			isa = PBXGroup;
			children = (
				6EE63D681E5C09C50005E4D1 /* cell上按钮 */,
				6EF92BE71E5AE9FA00DD2C20 /* 发朋友圈 */,
				6EF92BDE1E5AC0AD00DD2C20 /* 图片浏览 */,
				6EA4C4381E38342000364CAB /* 转场动画 */,
				6EA4C4371E38341400364CAB /* 相机相关 */,
			);
			name = Viewcontroller;
			sourceTree = "<group>";
		};
		6EE63D681E5C09C50005E4D1 /* cell上按钮 */ = {
			isa = PBXGroup;
			children = (
				6EE63D691E5C0A000005E4D1 /* ButtonOnCell.h */,
				6EE63D6A1E5C0A000005E4D1 /* ButtonOnCell.m */,
				6EE63D6C1E5C0A1C0005E4D1 /* ButtonOnTBVC.h */,
				6EE63D6D1E5C0A1C0005E4D1 /* ButtonOnTBVC.m */,
			);
			name = "cell上按钮";
			sourceTree = "<group>";
		};
		6EE63D6F1E5C27E10005E4D1 /* 版本更新 */ = {
			isa = PBXGroup;
			children = (
				6EE63D731E5C28530005E4D1 /* CheckVersion.h */,
				6EE63D741E5C28530005E4D1 /* CheckVersion.m */,
				6EE63D701E5C280F0005E4D1 /* VersionModel.h */,
				6EE63D711E5C280F0005E4D1 /* VersionModel.m */,
			);
			name = "版本更新";
			sourceTree = "<group>";
		};
		6EF92BDE1E5AC0AD00DD2C20 /* 图片浏览 */ = {
			isa = PBXGroup;
			children = (
				6EF92BE21E5AD23C00DD2C20 /* 自由之翼.jpg */,
				6EF92BDF1E5AC18400DD2C20 /* ScrollPictureVC.h */,
				6EF92BE01E5AC18400DD2C20 /* ScrollPictureVC.m */,
				6EF92BE41E5AD93700DD2C20 /* ScrollPicView.h */,
				6EF92BE51E5AD93700DD2C20 /* ScrollPicView.m */,
			);
			name = "图片浏览";
			sourceTree = "<group>";
		};
		6EF92BE71E5AE9FA00DD2C20 /* 发朋友圈 */ = {
			isa = PBXGroup;
			children = (
				6EF92BE81E5AEA7100DD2C20 /* SendPengyouQuan.h */,
				6EF92BE91E5AEA7100DD2C20 /* SendPengyouQuan.m */,
			);
			name = "发朋友圈";
			sourceTree = "<group>";
		};
		F9EB8415B22849BB31F90F78 /* Frameworks */ = {
			isa = PBXGroup;
			children = (
				FA5A77D38BA68016A58C5963 /* Pods_BasicFramework.framework */,
			);
			name = Frameworks;
			sourceTree = "<group>";
		};
/* End PBXGroup section */

/* Begin PBXNativeTarget section */
		6EAF4CF81E2DBA5800F19812 /* BasicFramework */ = {
			isa = PBXNativeTarget;
			buildConfigurationList = 6EAF4D101E2DBA5800F19812 /* Build configuration list for PBXNativeTarget "BasicFramework" */;
			buildPhases = (
				C7A1AAB8734ACC9A1371812F /* [CP] Check Pods Manifest.lock */,
				6EAF4CF51E2DBA5800F19812 /* Sources */,
				6EAF4CF61E2DBA5800F19812 /* Frameworks */,
				6EAF4CF71E2DBA5800F19812 /* Resources */,
				3D64E9C3C724539DB2B432FF /* [CP] Embed Pods Frameworks */,
				EF6AC925FA6F688E13F84FBF /* [CP] Copy Pods Resources */,
			);
			buildRules = (
			);
			dependencies = (
			);
			name = BasicFramework;
			productName = BasicFramework;
			productReference = 6EAF4CF91E2DBA5800F19812 /* BasicFramework.app */;
			productType = "com.apple.product-type.application";
		};
/* End PBXNativeTarget section */

/* Begin PBXProject section */
		6EAF4CF11E2DBA5800F19812 /* Project object */ = {
			isa = PBXProject;
			attributes = {
				LastUpgradeCheck = 0820;
				ORGANIZATIONNAME = "我叫哀木涕";
				TargetAttributes = {
					6EAF4CF81E2DBA5800F19812 = {
						CreatedOnToolsVersion = 8.2.1;
						DevelopmentTeam = BJPJ2657Q5;
						ProvisioningStyle = Automatic;
					};
				};
			};
			buildConfigurationList = 6EAF4CF41E2DBA5800F19812 /* Build configuration list for PBXProject "BasicFramework" */;
			compatibilityVersion = "Xcode 3.2";
			developmentRegion = English;
			hasScannedForEncodings = 0;
			knownRegions = (
				en,
				Base,
			);
			mainGroup = 6EAF4CF01E2DBA5800F19812;
			productRefGroup = 6EAF4CFA1E2DBA5800F19812 /* Products */;
			projectDirPath = "";
			projectRoot = "";
			targets = (
				6EAF4CF81E2DBA5800F19812 /* BasicFramework */,
			);
		};
/* End PBXProject section */

/* Begin PBXResourcesBuildPhase section */
		6EAF4CF71E2DBA5800F19812 /* Resources */ = {
			isa = PBXResourcesBuildPhase;
			buildActionMask = 2147483647;
			files = (
				6EAF4D2B1E2DEB8F00F19812 /* CameraAlbumVC.xib in Resources */,
				6EAF4D141E2DBA7700F19812 /* README.md in Resources */,
				6EAF4D0C1E2DBA5800F19812 /* LaunchScreen.storyboard in Resources */,
				6EAF4D091E2DBA5800F19812 /* Assets.xcassets in Resources */,
				6EAF4D071E2DBA5800F19812 /* Main.storyboard in Resources */,
				6EF92BE31E5AD23C00DD2C20 /* 自由之翼.jpg in Resources */,
			);
			runOnlyForDeploymentPostprocessing = 0;
		};
/* End PBXResourcesBuildPhase section */

/* Begin PBXShellScriptBuildPhase section */
		3D64E9C3C724539DB2B432FF /* [CP] Embed Pods Frameworks */ = {
			isa = PBXShellScriptBuildPhase;
			buildActionMask = 2147483647;
			files = (
			);
			inputPaths = (
			);
			name = "[CP] Embed Pods Frameworks";
			outputPaths = (
			);
			runOnlyForDeploymentPostprocessing = 0;
			shellPath = /bin/sh;
			shellScript = "\"${SRCROOT}/Pods/Target Support Files/Pods-BasicFramework/Pods-BasicFramework-frameworks.sh\"\n";
			showEnvVarsInLog = 0;
		};
		C7A1AAB8734ACC9A1371812F /* [CP] Check Pods Manifest.lock */ = {
			isa = PBXShellScriptBuildPhase;
			buildActionMask = 2147483647;
			files = (
			);
			inputPaths = (
			);
			name = "[CP] Check Pods Manifest.lock";
			outputPaths = (
			);
			runOnlyForDeploymentPostprocessing = 0;
			shellPath = /bin/sh;
			shellScript = "diff \"${PODS_ROOT}/../Podfile.lock\" \"${PODS_ROOT}/Manifest.lock\" > /dev/null\nif [ $? != 0 ] ; then\n    # print error to STDERR\n    echo \"error: The sandbox is not in sync with the Podfile.lock. Run 'pod install' or update your CocoaPods installation.\" >&2\n    exit 1\nfi\n";
			showEnvVarsInLog = 0;
		};
		EF6AC925FA6F688E13F84FBF /* [CP] Copy Pods Resources */ = {
			isa = PBXShellScriptBuildPhase;
			buildActionMask = 2147483647;
			files = (
			);
			inputPaths = (
			);
			name = "[CP] Copy Pods Resources";
			outputPaths = (
			);
			runOnlyForDeploymentPostprocessing = 0;
			shellPath = /bin/sh;
			shellScript = "\"${SRCROOT}/Pods/Target Support Files/Pods-BasicFramework/Pods-BasicFramework-resources.sh\"\n";
			showEnvVarsInLog = 0;
		};
/* End PBXShellScriptBuildPhase section */

/* Begin PBXSourcesBuildPhase section */
		6EAF4CF51E2DBA5800F19812 /* Sources */ = {
			isa = PBXSourcesBuildPhase;
			buildActionMask = 2147483647;
			files = (
				6EF92BE11E5AC18400DD2C20 /* ScrollPictureVC.m in Sources */,
				6EAF4D201E2DC20D00F19812 /* APPService.m in Sources */,
				6EF92BEA1E5AEA7100DD2C20 /* SendPengyouQuan.m in Sources */,
				6E52272F1E5692D200B447EF /* LSFileManager.m in Sources */,
				6EF92BE61E5AD93700DD2C20 /* ScrollPicView.m in Sources */,
				6E7FBDFF1E39879500694F69 /* ElastTransiton.m in Sources */,
				6EE63D721E5C280F0005E4D1 /* VersionModel.m in Sources */,
				6EA4C43E1E3837D300364CAB /* YiXiangTranVC.m in Sources */,
				6E7FBDFC1E39874200694F69 /* ElastiVC.m in Sources */,
				6EAF4D2A1E2DEB8F00F19812 /* CameraAlbumVC.m in Sources */,
				6E7FBDF81E39853100694F69 /* TranAnimationVC.m in Sources */,
				6EAF4D041E2DBA5800F19812 /* ViewController.m in Sources */,
				6EE63D6E1E5C0A1C0005E4D1 /* ButtonOnTBVC.m in Sources */,
				6EE63D751E5C28530005E4D1 /* CheckVersion.m in Sources */,
				6E7FBE051E398D2300694F69 /* ElastToVC.m in Sources */,
				6EAF4D1C1E2DC1CB00F19812 /* DB.m in Sources */,
				6EAF4D011E2DBA5800F19812 /* AppDelegate.m in Sources */,
				6EAF4CFE1E2DBA5800F19812 /* main.m in Sources */,
				6EA4C43B1E38346100364CAB /* TranAnimation.m in Sources */,
				6EE63D6B1E5C0A000005E4D1 /* ButtonOnCell.m in Sources */,
			);
			runOnlyForDeploymentPostprocessing = 0;
		};
/* End PBXSourcesBuildPhase section */

/* Begin PBXVariantGroup section */
		6EAF4D051E2DBA5800F19812 /* Main.storyboard */ = {
			isa = PBXVariantGroup;
			children = (
				6EAF4D061E2DBA5800F19812 /* Base */,
			);
			name = Main.storyboard;
			sourceTree = "<group>";
		};
		6EAF4D0A1E2DBA5800F19812 /* LaunchScreen.storyboard */ = {
			isa = PBXVariantGroup;
			children = (
				6EAF4D0B1E2DBA5800F19812 /* Base */,
			);
			name = LaunchScreen.storyboard;
			sourceTree = "<group>";
		};
/* End PBXVariantGroup section */

/* Begin XCBuildConfiguration section */
		6EAF4D0E1E2DBA5800F19812 /* Debug */ = {
			isa = XCBuildConfiguration;
			buildSettings = {
				ALWAYS_SEARCH_USER_PATHS = NO;
				CLANG_ANALYZER_NONNULL = YES;
				CLANG_CXX_LANGUAGE_STANDARD = "gnu++0x";
				CLANG_CXX_LIBRARY = "libc++";
				CLANG_ENABLE_MODULES = YES;
				CLANG_ENABLE_OBJC_ARC = YES;
				CLANG_WARN_BOOL_CONVERSION = YES;
				CLANG_WARN_CONSTANT_CONVERSION = YES;
				CLANG_WARN_DIRECT_OBJC_ISA_USAGE = YES_ERROR;
				CLANG_WARN_DOCUMENTATION_COMMENTS = YES;
				CLANG_WARN_EMPTY_BODY = YES;
				CLANG_WARN_ENUM_CONVERSION = YES;
				CLANG_WARN_INFINITE_RECURSION = YES;
				CLANG_WARN_INT_CONVERSION = YES;
				CLANG_WARN_OBJC_ROOT_CLASS = YES_ERROR;
				CLANG_WARN_SUSPICIOUS_MOVE = YES;
				CLANG_WARN_UNREACHABLE_CODE = YES;
				CLANG_WARN__DUPLICATE_METHOD_MATCH = YES;
				"CODE_SIGN_IDENTITY[sdk=iphoneos*]" = "iPhone Developer";
				COPY_PHASE_STRIP = NO;
				DEBUG_INFORMATION_FORMAT = dwarf;
				ENABLE_STRICT_OBJC_MSGSEND = YES;
				ENABLE_TESTABILITY = YES;
				GCC_C_LANGUAGE_STANDARD = gnu99;
				GCC_DYNAMIC_NO_PIC = NO;
				GCC_NO_COMMON_BLOCKS = YES;
				GCC_OPTIMIZATION_LEVEL = 0;
				GCC_PREPROCESSOR_DEFINITIONS = (
					"DEBUG=1",
					"$(inherited)",
				);
				GCC_WARN_64_TO_32_BIT_CONVERSION = YES;
				GCC_WARN_ABOUT_RETURN_TYPE = YES_ERROR;
				GCC_WARN_UNDECLARED_SELECTOR = YES;
				GCC_WARN_UNINITIALIZED_AUTOS = YES_AGGRESSIVE;
				GCC_WARN_UNUSED_FUNCTION = YES;
				GCC_WARN_UNUSED_VARIABLE = YES;
				IPHONEOS_DEPLOYMENT_TARGET = 10.2;
				MTL_ENABLE_DEBUG_INFO = YES;
				ONLY_ACTIVE_ARCH = YES;
				SDKROOT = iphoneos;
			};
			name = Debug;
		};
		6EAF4D0F1E2DBA5800F19812 /* Release */ = {
			isa = XCBuildConfiguration;
			buildSettings = {
				ALWAYS_SEARCH_USER_PATHS = NO;
				CLANG_ANALYZER_NONNULL = YES;
				CLANG_CXX_LANGUAGE_STANDARD = "gnu++0x";
				CLANG_CXX_LIBRARY = "libc++";
				CLANG_ENABLE_MODULES = YES;
				CLANG_ENABLE_OBJC_ARC = YES;
				CLANG_WARN_BOOL_CONVERSION = YES;
				CLANG_WARN_CONSTANT_CONVERSION = YES;
				CLANG_WARN_DIRECT_OBJC_ISA_USAGE = YES_ERROR;
				CLANG_WARN_DOCUMENTATION_COMMENTS = YES;
				CLANG_WARN_EMPTY_BODY = YES;
				CLANG_WARN_ENUM_CONVERSION = YES;
				CLANG_WARN_INFINITE_RECURSION = YES;
				CLANG_WARN_INT_CONVERSION = YES;
				CLANG_WARN_OBJC_ROOT_CLASS = YES_ERROR;
				CLANG_WARN_SUSPICIOUS_MOVE = YES;
				CLANG_WARN_UNREACHABLE_CODE = YES;
				CLANG_WARN__DUPLICATE_METHOD_MATCH = YES;
				"CODE_SIGN_IDENTITY[sdk=iphoneos*]" = "iPhone Developer";
				COPY_PHASE_STRIP = NO;
				DEBUG_INFORMATION_FORMAT = "dwarf-with-dsym";
				ENABLE_NS_ASSERTIONS = NO;
				ENABLE_STRICT_OBJC_MSGSEND = YES;
				GCC_C_LANGUAGE_STANDARD = gnu99;
				GCC_NO_COMMON_BLOCKS = YES;
				GCC_WARN_64_TO_32_BIT_CONVERSION = YES;
				GCC_WARN_ABOUT_RETURN_TYPE = YES_ERROR;
				GCC_WARN_UNDECLARED_SELECTOR = YES;
				GCC_WARN_UNINITIALIZED_AUTOS = YES_AGGRESSIVE;
				GCC_WARN_UNUSED_FUNCTION = YES;
				GCC_WARN_UNUSED_VARIABLE = YES;
				IPHONEOS_DEPLOYMENT_TARGET = 10.2;
				MTL_ENABLE_DEBUG_INFO = NO;
				SDKROOT = iphoneos;
				VALIDATE_PRODUCT = YES;
			};
			name = Release;
		};
		6EAF4D111E2DBA5800F19812 /* Debug */ = {
			isa = XCBuildConfiguration;
			baseConfigurationReference = 339D8CAEAF39A283A4E7A0EA /* Pods-BasicFramework.debug.xcconfig */;
			buildSettings = {
				ASSETCATALOG_COMPILER_APPICON_NAME = AppIcon;
				DEVELOPMENT_TEAM = BJPJ2657Q5;
				GCC_PREFIX_HEADER = "$(SRCROOT)/BasicFramework/PrefixHeader.pch";
				INFOPLIST_FILE = BasicFramework/Info.plist;
				IPHONEOS_DEPLOYMENT_TARGET = 9.0;
				LD_RUNPATH_SEARCH_PATHS = "$(inherited) @executable_path/Frameworks";
				PRODUCT_BUNDLE_IDENTIFIER = com.esteel.carry;
				PRODUCT_NAME = "$(TARGET_NAME)";
			};
			name = Debug;
		};
		6EAF4D121E2DBA5800F19812 /* Release */ = {
			isa = XCBuildConfiguration;
			baseConfigurationReference = F8EF328937721F3DB1A84483 /* Pods-BasicFramework.release.xcconfig */;
			buildSettings = {
				ASSETCATALOG_COMPILER_APPICON_NAME = AppIcon;
				DEVELOPMENT_TEAM = BJPJ2657Q5;
				GCC_PREFIX_HEADER = "$(SRCROOT)/BasicFramework/PrefixHeader.pch";
				INFOPLIST_FILE = BasicFramework/Info.plist;
				IPHONEOS_DEPLOYMENT_TARGET = 9.0;
				LD_RUNPATH_SEARCH_PATHS = "$(inherited) @executable_path/Frameworks";
				PRODUCT_BUNDLE_IDENTIFIER = com.esteel.carry;
				PRODUCT_NAME = "$(TARGET_NAME)";
			};
			name = Release;
		};
/* End XCBuildConfiguration section */

/* Begin XCConfigurationList section */
		6EAF4CF41E2DBA5800F19812 /* Build configuration list for PBXProject "BasicFramework" */ = {
			isa = XCConfigurationList;
			buildConfigurations = (
				6EAF4D0E1E2DBA5800F19812 /* Debug */,
				6EAF4D0F1E2DBA5800F19812 /* Release */,
			);
			defaultConfigurationIsVisible = 0;
			defaultConfigurationName = Release;
		};
		6EAF4D101E2DBA5800F19812 /* Build configuration list for PBXNativeTarget "BasicFramework" */ = {
			isa = XCConfigurationList;
			buildConfigurations = (
				6EAF4D111E2DBA5800F19812 /* Debug */,
				6EAF4D121E2DBA5800F19812 /* Release */,
			);
			defaultConfigurationIsVisible = 0;
			defaultConfigurationName = Release;
		};
/* End XCConfigurationList section */
	};
	rootObject = 6EAF4CF11E2DBA5800F19812 /* Project object */;
}
